
Microsoft Visual Studio Solution File, Format Version 12.00
# Visual Studio Version 17
VisualStudioVersion = 17.13.35919.96
MinimumVisualStudioVersion = 10.0.40219.1
Project("{FAE04EC0-301F-11D3-BF4B-00C04F79EFBC}") = "SfAccordion_Sample", "SfAccordion_Sample.csproj", "{6E64EA45-EF9A-4E23-BD2B-418911EA7837}"
EndProject
Global
	GlobalSection(SolutionConfigurationPlatforms) = preSolution
		Debug|Any CPU = Debug|Any CPU
		Release|Any CPU = Release|Any CPU
	EndGlobalSection
	GlobalSection(ProjectConfigurationPlatforms) = postSolution
		{6E64EA45-EF9A-4E23-BD2B-418911EA7837}.Debug|Any CPU.ActiveCfg = Debug|Any CPU
		{6E64EA45-EF9A-4E23-BD2B-418911EA7837}.Debug|Any CPU.Build.0 = Debug|Any CPU
		{6E64EA45-EF9A-4E23-BD2B-418911EA7837}.Debug|Any CPU.Deploy.0 = Debug|Any CPU
		{6E64EA45-EF9A-4E23-BD2B-418911EA7837}.Release|Any CPU.ActiveCfg = Release|Any CPU
		{6E64EA45-EF9A-4E23-BD2B-418911EA7837}.Release|Any CPU.Build.0 = Release|Any CPU
	EndGlobalSection
	GlobalSection(SolutionProperties) = preSolution
		HideSolutionNode = FALSE
	EndGlobalSection
	GlobalSection(ExtensibilityGlobals) = postSolution
		SolutionGuid = {637B0FCE-FA43-49BA-821D-AB5D71D73AAD}
	EndGlobalSection
EndGlobal
